// !$*UTF8*$!
{
	archiveVersion = 1;
	classes = {
	};
	objectVersion = 56;
	objects = {

/* Begin PBXBuildFile section */
		113CE3372BDD34A00008A5F8 /* main.cpp in Sources */ = {isa = PBXBuildFile; fileRef = 113CE3362BDD34A00008A5F8 /* main.cpp */; };
		113CE3452BDD35AD0008A5F8 /* castingDataTypes.cpp in Sources */ = {isa = PBXBuildFile; fileRef = 113CE3432BDD35AD0008A5F8 /* castingDataTypes.cpp */; };
		113CE3482BDD36C90008A5F8 /* literals.cpp in Sources */ = {isa = PBXBuildFile; fileRef = 113CE3462BDD36C90008A5F8 /* literals.cpp */; };
		11C393892BDD38480061EE48 /* sizeof.cpp in Sources */ = {isa = PBXBuildFile; fileRef = 11C393872BDD38480061EE48 /* sizeof.cpp */; };
		11C3938C2BDD38870061EE48 /* while.cpp in Sources */ = {isa = PBXBuildFile; fileRef = 11C3938A2BDD38870061EE48 /* while.cpp */; };
		11C3938F2BDD38D40061EE48 /* doWhile.cpp in Sources */ = {isa = PBXBuildFile; fileRef = 11C3938D2BDD38D40061EE48 /* doWhile.cpp */; };
		11C393922BDD3A330061EE48 /* for.cpp in Sources */ = {isa = PBXBuildFile; fileRef = 11C393902BDD3A330061EE48 /* for.cpp */; };
		11C783342BDD5F6300FFAF40 /* rangeBasedFor.cpp in Sources */ = {isa = PBXBuildFile; fileRef = 11C783322BDD5F6300FFAF40 /* rangeBasedFor.cpp */; };
		11C783372BDD612F00FFAF40 /* break.cpp in Sources */ = {isa = PBXBuildFile; fileRef = 11C783352BDD612F00FFAF40 /* break.cpp */; };
/* End PBXBuildFile section */

/* Begin PBXCopyFilesBuildPhase section */
		113CE3312BDD34A00008A5F8 /* CopyFiles */ = {
			isa = PBXCopyFilesBuildPhase;
			buildActionMask = 2147483647;
			dstPath = /usr/share/man/man1/;
			dstSubfolderSpec = 0;
			files = (
			);
			runOnlyForDeploymentPostprocessing = 1;
		};
/* End PBXCopyFilesBuildPhase section */

/* Begin PBXFileReference section */
		113CE3332BDD34A00008A5F8 /* learningCpp */ = {isa = PBXFileReference; explicitFileType = "compiled.mach-o.executable"; includeInIndex = 0; path = learningCpp; sourceTree = BUILT_PRODUCTS_DIR; };
		113CE3362BDD34A00008A5F8 /* main.cpp */ = {isa = PBXFileReference; lastKnownFileType = sourcecode.cpp.cpp; path = main.cpp; sourceTree = "<group>"; };
		113CE3432BDD35AD0008A5F8 /* castingDataTypes.cpp */ = {isa = PBXFileReference; lastKnownFileType = sourcecode.cpp.cpp; path = castingDataTypes.cpp; sourceTree = "<group>"; };
		113CE3442BDD35AD0008A5F8 /* castingDataTypes.hpp */ = {isa = PBXFileReference; lastKnownFileType = sourcecode.cpp.h; path = castingDataTypes.hpp; sourceTree = "<group>"; };
		113CE3462BDD36C90008A5F8 /* literals.cpp */ = {isa = PBXFileReference; lastKnownFileType = sourcecode.cpp.cpp; path = literals.cpp; sourceTree = "<group>"; };
		113CE3472BDD36C90008A5F8 /* literals.hpp */ = {isa = PBXFileReference; lastKnownFileType = sourcecode.cpp.h; path = literals.hpp; sourceTree = "<group>"; };
		11C393872BDD38480061EE48 /* sizeof.cpp */ = {isa = PBXFileReference; lastKnownFileType = sourcecode.cpp.cpp; path = sizeof.cpp; sourceTree = "<group>"; };
		11C393882BDD38480061EE48 /* sizeof.hpp */ = {isa = PBXFileReference; lastKnownFileType = sourcecode.cpp.h; path = sizeof.hpp; sourceTree = "<group>"; };
		11C3938A2BDD38870061EE48 /* while.cpp */ = {isa = PBXFileReference; lastKnownFileType = sourcecode.cpp.cpp; path = while.cpp; sourceTree = "<group>"; };
		11C3938B2BDD38870061EE48 /* while.hpp */ = {isa = PBXFileReference; lastKnownFileType = sourcecode.cpp.h; path = while.hpp; sourceTree = "<group>"; };
		11C3938D2BDD38D40061EE48 /* doWhile.cpp */ = {isa = PBXFileReference; lastKnownFileType = sourcecode.cpp.cpp; path = doWhile.cpp; sourceTree = "<group>"; };
		11C3938E2BDD38D40061EE48 /* doWhile.hpp */ = {isa = PBXFileReference; lastKnownFileType = sourcecode.cpp.h; path = doWhile.hpp; sourceTree = "<group>"; };
		11C393902BDD3A330061EE48 /* for.cpp */ = {isa = PBXFileReference; lastKnownFileType = sourcecode.cpp.cpp; path = for.cpp; sourceTree = "<group>"; };
		11C393912BDD3A330061EE48 /* for.hpp */ = {isa = PBXFileReference; lastKnownFileType = sourcecode.cpp.h; path = for.hpp; sourceTree = "<group>"; };
		11C783322BDD5F6300FFAF40 /* rangeBasedFor.cpp */ = {isa = PBXFileReference; lastKnownFileType = sourcecode.cpp.cpp; path = rangeBasedFor.cpp; sourceTree = "<group>"; };
		11C783332BDD5F6300FFAF40 /* rangeBasedFor.hpp */ = {isa = PBXFileReference; lastKnownFileType = sourcecode.cpp.h; path = rangeBasedFor.hpp; sourceTree = "<group>"; };
		11C783352BDD612F00FFAF40 /* break.cpp */ = {isa = PBXFileReference; lastKnownFileType = sourcecode.cpp.cpp; path = break.cpp; sourceTree = "<group>"; };
		11C783362BDD612F00FFAF40 /* break.hpp */ = {isa = PBXFileReference; lastKnownFileType = sourcecode.cpp.h; path = break.hpp; sourceTree = "<group>"; };
/* End PBXFileReference section */

/* Begin PBXFrameworksBuildPhase section */
		113CE3302BDD34A00008A5F8 /* Frameworks */ = {
			isa = PBXFrameworksBuildPhase;
			buildActionMask = 2147483647;
			files = (
			);
			runOnlyForDeploymentPostprocessing = 0;
		};
/* End PBXFrameworksBuildPhase section */

/* Begin PBXGroup section */
		113CE32A2BDD34A00008A5F8 = {
			isa = PBXGroup;
			children = (
				113CE3352BDD34A00008A5F8 /* learningCpp */,
				113CE3342BDD34A00008A5F8 /* Products */,
			);
			sourceTree = "<group>";
		};
		113CE3342BDD34A00008A5F8 /* Products */ = {
			isa = PBXGroup;
			children = (
				113CE3332BDD34A00008A5F8 /* learningCpp */,
			);
			name = Products;
			sourceTree = "<group>";
		};
		113CE3352BDD34A00008A5F8 /* learningCpp */ = {
			isa = PBXGroup;
			children = (
				113CE3362BDD34A00008A5F8 /* main.cpp */,
				113CE3432BDD35AD0008A5F8 /* castingDataTypes.cpp */,
				113CE3442BDD35AD0008A5F8 /* castingDataTypes.hpp */,
				113CE3462BDD36C90008A5F8 /* literals.cpp */,
				113CE3472BDD36C90008A5F8 /* literals.hpp */,
				11C393872BDD38480061EE48 /* sizeof.cpp */,
				11C393882BDD38480061EE48 /* sizeof.hpp */,
				11C3938A2BDD38870061EE48 /* while.cpp */,
				11C3938B2BDD38870061EE48 /* while.hpp */,
				11C3938D2BDD38D40061EE48 /* doWhile.cpp */,
				11C3938E2BDD38D40061EE48 /* doWhile.hpp */,
				11C393902BDD3A330061EE48 /* for.cpp */,
				11C393912BDD3A330061EE48 /* for.hpp */,
				11C783322BDD5F6300FFAF40 /* rangeBasedFor.cpp */,
				11C783332BDD5F6300FFAF40 /* rangeBasedFor.hpp */,
				11C783352BDD612F00FFAF40 /* break.cpp */,
				11C783362BDD612F00FFAF40 /* break.hpp */,
			);
			path = learningCpp;
			sourceTree = "<group>";
		};
/* End PBXGroup section */

/* Begin PBXNativeTarget section */
		113CE3322BDD34A00008A5F8 /* learningCpp */ = {
			isa = PBXNativeTarget;
			buildConfigurationList = 113CE33A2BDD34A00008A5F8 /* Build configuration list for PBXNativeTarget "learningCpp" */;
			buildPhases = (
				113CE32F2BDD34A00008A5F8 /* Sources */,
				113CE3302BDD34A00008A5F8 /* Frameworks */,
				113CE3312BDD34A00008A5F8 /* CopyFiles */,
			);
			buildRules = (
			);
			dependencies = (
			);
			name = learningCpp;
			productName = learningCpp;
			productReference = 113CE3332BDD34A00008A5F8 /* learningCpp */;
			productType = "com.apple.product-type.tool";
		};
/* End PBXNativeTarget section */

/* Begin PBXProject section */
		113CE32B2BDD34A00008A5F8 /* Project object */ = {
			isa = PBXProject;
			attributes = {
				BuildIndependentTargetsInParallel = 1;
				LastUpgradeCheck = 1530;
				TargetAttributes = {
					113CE3322BDD34A00008A5F8 = {
						CreatedOnToolsVersion = 15.3;
					};
				};
			};
			buildConfigurationList = 113CE32E2BDD34A00008A5F8 /* Build configuration list for PBXProject "learningCpp" */;
			compatibilityVersion = "Xcode 14.0";
			developmentRegion = en;
			hasScannedForEncodings = 0;
			knownRegions = (
				en,
				Base,
			);
			mainGroup = 113CE32A2BDD34A00008A5F8;
			productRefGroup = 113CE3342BDD34A00008A5F8 /* Products */;
			projectDirPath = "";
			projectRoot = "";
			targets = (
				113CE3322BDD34A00008A5F8 /* learningCpp */,
			);
		};
/* End PBXProject section */

/* Begin PBXSourcesBuildPhase section */
		113CE32F2BDD34A00008A5F8 /* Sources */ = {
			isa = PBXSourcesBuildPhase;
			buildActionMask = 2147483647;
			files = (
				113CE3372BDD34A00008A5F8 /* main.cpp in Sources */,
				11C393922BDD3A330061EE48 /* for.cpp in Sources */,
				11C783372BDD612F00FFAF40 /* break.cpp in Sources */,
				113CE3452BDD35AD0008A5F8 /* castingDataTypes.cpp in Sources */,
				113CE3482BDD36C90008A5F8 /* literals.cpp in Sources */,
				11C3938C2BDD38870061EE48 /* while.cpp in Sources */,
				11C783342BDD5F6300FFAF40 /* rangeBasedFor.cpp in Sources */,
				11C3938F2BDD38D40061EE48 /* doWhile.cpp in Sources */,
				11C393892BDD38480061EE48 /* sizeof.cpp in Sources */,
			);
			runOnlyForDeploymentPostprocessing = 0;
		};
/* End PBXSourcesBuildPhase section */

/* Begin XCBuildConfiguration section */
		113CE3382BDD34A00008A5F8 /* Debug */ = {
			isa = XCBuildConfiguration;
			buildSettings = {
				ALWAYS_SEARCH_USER_PATHS = NO;
				ASSETCATALOG_COMPILER_GENERATE_SWIFT_ASSET_SYMBOL_EXTENSIONS = YES;
				CLANG_ANALYZER_NONNULL = YES;
				CLANG_ANALYZER_NUMBER_OBJECT_CONVERSION = YES_AGGRESSIVE;
				CLANG_CXX_LANGUAGE_STANDARD = "gnu++20";
				CLANG_ENABLE_MODULES = YES;
				CLANG_ENABLE_OBJC_ARC = YES;
				CLANG_ENABLE_OBJC_WEAK = YES;
				CLANG_WARN_BLOCK_CAPTURE_AUTORELEASING = YES;
				CLANG_WARN_BOOL_CONVERSION = YES;
				CLANG_WARN_COMMA = YES;
				CLANG_WARN_CONSTANT_CONVERSION = YES;
				CLANG_WARN_DEPRECATED_OBJC_IMPLEMENTATIONS = YES;
				CLANG_WARN_DIRECT_OBJC_ISA_USAGE = YES_ERROR;
				CLANG_WARN_DOCUMENTATION_COMMENTS = YES;
				CLANG_WARN_EMPTY_BODY = YES;
				CLANG_WARN_ENUM_CONVERSION = YES;
				CLANG_WARN_INFINITE_RECURSION = YES;
				CLANG_WARN_INT_CONVERSION = YES;
				CLANG_WARN_NON_LITERAL_NULL_CONVERSION = YES;
				CLANG_WARN_OBJC_IMPLICIT_RETAIN_SELF = YES;
				CLANG_WARN_OBJC_LITERAL_CONVERSION = YES;
				CLANG_WARN_OBJC_ROOT_CLASS = YES_ERROR;
				CLANG_WARN_QUOTED_INCLUDE_IN_FRAMEWORK_HEADER = YES;
				CLANG_WARN_RANGE_LOOP_ANALYSIS = YES;
				CLANG_WARN_STRICT_PROTOTYPES = YES;
				CLANG_WARN_SUSPICIOUS_MOVE = YES;
				CLANG_WARN_UNGUARDED_AVAILABILITY = YES_AGGRESSIVE;
				CLANG_WARN_UNREACHABLE_CODE = YES;
				CLANG_WARN__DUPLICATE_METHOD_MATCH = YES;
				COPY_PHASE_STRIP = NO;
				DEBUG_INFORMATION_FORMAT = dwarf;
				ENABLE_STRICT_OBJC_MSGSEND = YES;
				ENABLE_TESTABILITY = YES;
				ENABLE_USER_SCRIPT_SANDBOXING = YES;
				GCC_C_LANGUAGE_STANDARD = gnu17;
				GCC_DYNAMIC_NO_PIC = NO;
				GCC_NO_COMMON_BLOCKS = YES;
				GCC_OPTIMIZATION_LEVEL = 0;
				GCC_PREPROCESSOR_DEFINITIONS = (
					"DEBUG=1",
					"$(inherited)",
				);
				GCC_WARN_64_TO_32_BIT_CONVERSION = YES;
				GCC_WARN_ABOUT_RETURN_TYPE = YES_ERROR;
				GCC_WARN_UNDECLARED_SELECTOR = YES;
				GCC_WARN_UNINITIALIZED_AUTOS = YES_AGGRESSIVE;
				GCC_WARN_UNUSED_FUNCTION = YES;
				GCC_WARN_UNUSED_VARIABLE = YES;
				LOCALIZATION_PREFERS_STRING_CATALOGS = YES;
				MACOSX_DEPLOYMENT_TARGET = 14.4;
				MTL_ENABLE_DEBUG_INFO = INCLUDE_SOURCE;
				MTL_FAST_MATH = YES;
				ONLY_ACTIVE_ARCH = YES;
				SDKROOT = macosx;
			};
			name = Debug;
		};
		113CE3392BDD34A00008A5F8 /* Release */ = {
			isa = XCBuildConfiguration;
			buildSettings = {
				ALWAYS_SEARCH_USER_PATHS = NO;
				ASSETCATALOG_COMPILER_GENERATE_SWIFT_ASSET_SYMBOL_EXTENSIONS = YES;
				CLANG_ANALYZER_NONNULL = YES;
				CLANG_ANALYZER_NUMBER_OBJECT_CONVERSION = YES_AGGRESSIVE;
				CLANG_CXX_LANGUAGE_STANDARD = "gnu++20";
				CLANG_ENABLE_MODULES = YES;
				CLANG_ENABLE_OBJC_ARC = YES;
				CLANG_ENABLE_OBJC_WEAK = YES;
				CLANG_WARN_BLOCK_CAPTURE_AUTORELEASING = YES;
				CLANG_WARN_BOOL_CONVERSION = YES;
				CLANG_WARN_COMMA = YES;
				CLANG_WARN_CONSTANT_CONVERSION = YES;
				CLANG_WARN_DEPRECATED_OBJC_IMPLEMENTATIONS = YES;
				CLANG_WARN_DIRECT_OBJC_ISA_USAGE = YES_ERROR;
				CLANG_WARN_DOCUMENTATION_COMMENTS = YES;
				CLANG_WARN_EMPTY_BODY = YES;
				CLANG_WARN_ENUM_CONVERSION = YES;
				CLANG_WARN_INFINITE_RECURSION = YES;
				CLANG_WARN_INT_CONVERSION = YES;
				CLANG_WARN_NON_LITERAL_NULL_CONVERSION = YES;
				CLANG_WARN_OBJC_IMPLICIT_RETAIN_SELF = YES;
				CLANG_WARN_OBJC_LITERAL_CONVERSION = YES;
				CLANG_WARN_OBJC_ROOT_CLASS = YES_ERROR;
				CLANG_WARN_QUOTED_INCLUDE_IN_FRAMEWORK_HEADER = YES;
				CLANG_WARN_RANGE_LOOP_ANALYSIS = YES;
				CLANG_WARN_STRICT_PROTOTYPES = YES;
				CLANG_WARN_SUSPICIOUS_MOVE = YES;
				CLANG_WARN_UNGUARDED_AVAILABILITY = YES_AGGRESSIVE;
				CLANG_WARN_UNREACHABLE_CODE = YES;
				CLANG_WARN__DUPLICATE_METHOD_MATCH = YES;
				COPY_PHASE_STRIP = NO;
				DEBUG_INFORMATION_FORMAT = "dwarf-with-dsym";
				ENABLE_NS_ASSERTIONS = NO;
				ENABLE_STRICT_OBJC_MSGSEND = YES;
				ENABLE_USER_SCRIPT_SANDBOXING = YES;
				GCC_C_LANGUAGE_STANDARD = gnu17;
				GCC_NO_COMMON_BLOCKS = YES;
				GCC_WARN_64_TO_32_BIT_CONVERSION = YES;
				GCC_WARN_ABOUT_RETURN_TYPE = YES_ERROR;
				GCC_WARN_UNDECLARED_SELECTOR = YES;
				GCC_WARN_UNINITIALIZED_AUTOS = YES_AGGRESSIVE;
				GCC_WARN_UNUSED_FUNCTION = YES;
				GCC_WARN_UNUSED_VARIABLE = YES;
				LOCALIZATION_PREFERS_STRING_CATALOGS = YES;
				MACOSX_DEPLOYMENT_TARGET = 14.4;
				MTL_ENABLE_DEBUG_INFO = NO;
				MTL_FAST_MATH = YES;
				SDKROOT = macosx;
			};
			name = Release;
		};
		113CE33B2BDD34A00008A5F8 /* Debug */ = {
			isa = XCBuildConfiguration;
			buildSettings = {
				CODE_SIGN_STYLE = Automatic;
				PRODUCT_NAME = "$(TARGET_NAME)";
			};
			name = Debug;
		};
		113CE33C2BDD34A00008A5F8 /* Release */ = {
			isa = XCBuildConfiguration;
			buildSettings = {
				CODE_SIGN_STYLE = Automatic;
				PRODUCT_NAME = "$(TARGET_NAME)";
			};
			name = Release;
		};
/* End XCBuildConfiguration section */

/* Begin XCConfigurationList section */
		113CE32E2BDD34A00008A5F8 /* Build configuration list for PBXProject "learningCpp" */ = {
			isa = XCConfigurationList;
			buildConfigurations = (
				113CE3382BDD34A00008A5F8 /* Debug */,
				113CE3392BDD34A00008A5F8 /* Release */,
			);
			defaultConfigurationIsVisible = 0;
			defaultConfigurationName = Release;
		};
		113CE33A2BDD34A00008A5F8 /* Build configuration list for PBXNativeTarget "learningCpp" */ = {
			isa = XCConfigurationList;
			buildConfigurations = (
				113CE33B2BDD34A00008A5F8 /* Debug */,
				113CE33C2BDD34A00008A5F8 /* Release */,
			);
			defaultConfigurationIsVisible = 0;
			defaultConfigurationName = Release;
		};
/* End XCConfigurationList section */
	};
	rootObject = 113CE32B2BDD34A00008A5F8 /* Project object */;
}
